
Microsoft Visual Studio Solution File, Format Version 12.00
# Visual Studio 15
Project("{2150E333-8FDC-42A3-9474-1A3956D46DE8}") = "1 - Teste de Unidade", "1 - Teste de Unidade", "{30719ED0-79A2-4A70-B7F3-A278EF376F65}"
EndProject
Project("{2150E333-8FDC-42A3-9474-1A3956D46DE8}") = "1.1 - Teste Basico", "1.1 - Teste Basico", "{6F00A501-B265-4162-B476-FCF8BE4BCF8B}"
EndProject
Project("{FAE04EC0-301F-11D3-BF4B-00C04F79EFBC}") = "Demo", "Teste de Unidade\Teste Basico\Demo\Demo.csproj", "{0381CC29-47F5-4803-A465-2BC1AF0450DD}"
EndProject
Project("{2150E333-8FDC-42A3-9474-1A3956D46DE8}") = "1.2 - Features", "1.2 - Features", "{047702B0-8664-47A1-BA81-FA8A814EDD11}"
EndProject
Project("{FAE04EC0-301F-11D3-BF4B-00C04F79EFBC}") = "Features", "Teste de Unidade\Teste Basico\Features\Features.csproj", "{0C2756CE-D28D-4BFC-9F64-2CAD579A8EDC}"
EndProject
Project("{FAE04EC0-301F-11D3-BF4B-00C04F79EFBC}") = "Features.Tests", "Teste de Unidade\Teste Basico\Features.Tests\Features.Tests.csproj", "{2A58A9AB-D82F-488F-B361-4C636C1EEC71}"
EndProject
Project("{FAE04EC0-301F-11D3-BF4B-00C04F79EFBC}") = "Demo.Tests", "Teste de Unidade\Teste Basico\Demo.Tests\Demo.Tests.csproj", "{6D3A9233-D6B5-4667-822B-A9F43D8E9521}"
EndProject
Project("{2150E333-8FDC-42A3-9474-1A3956D46DE8}") = "2 - TDD", "2 - TDD", "{6BCB6032-F9CB-46E9-AB24-42CABE354169}"
EndProject
Project("{2150E333-8FDC-42A3-9474-1A3956D46DE8}") = "src", "src", "{82D6C8E1-CA06-4CA9-AF83-131C715CF93C}"
EndProject
Project("{2150E333-8FDC-42A3-9474-1A3956D46DE8}") = "tests", "tests", "{ADCABF3B-1BB4-4423-AB71-8AD39FCA80E1}"
EndProject
Project("{FAE04EC0-301F-11D3-BF4B-00C04F79EFBC}") = "NerdStore.Vendas.Application.Tests", "TDD\tests\NerdStore.Vendas.Application.Tests\NerdStore.Vendas.Application.Tests.csproj", "{2E0829E4-0E4C-4DB8-9C33-D5FDDD7AB50E}"
EndProject
Project("{FAE04EC0-301F-11D3-BF4B-00C04F79EFBC}") = "NerdStore.Vendas.Domain", "TDD\src\NerdStore.Vendas.Domain\NerdStore.Vendas.Domain.csproj", "{C9FD34B7-7CA5-46A9-981B-56CCF61B9BC8}"
EndProject
Project("{FAE04EC0-301F-11D3-BF4B-00C04F79EFBC}") = "NerdStore.Vendas.Domain.Tests", "TDD\tests\NerdStore.Vendas.Domain.Tests\NerdStore.Vendas.Domain.Tests.csproj", "{03EB8FF3-2878-4FF3-A78B-1CBE49D5FA6C}"
EndProject
Project("{FAE04EC0-301F-11D3-BF4B-00C04F79EFBC}") = "NerdStore.Core", "TDD\src\NerdStore.Core\NerdStore.Core.csproj", "{ACC79C67-3A5A-4615-8BAA-31A86963108B}"
EndProject
Global
	GlobalSection(SolutionConfigurationPlatforms) = preSolution
		Debug|Any CPU = Debug|Any CPU
		Release|Any CPU = Release|Any CPU
	EndGlobalSection
	GlobalSection(ProjectConfigurationPlatforms) = postSolution
		{0381CC29-47F5-4803-A465-2BC1AF0450DD}.Debug|Any CPU.ActiveCfg = Debug|Any CPU
		{0381CC29-47F5-4803-A465-2BC1AF0450DD}.Debug|Any CPU.Build.0 = Debug|Any CPU
		{0381CC29-47F5-4803-A465-2BC1AF0450DD}.Release|Any CPU.ActiveCfg = Release|Any CPU
		{0381CC29-47F5-4803-A465-2BC1AF0450DD}.Release|Any CPU.Build.0 = Release|Any CPU
		{0C2756CE-D28D-4BFC-9F64-2CAD579A8EDC}.Debug|Any CPU.ActiveCfg = Debug|Any CPU
		{0C2756CE-D28D-4BFC-9F64-2CAD579A8EDC}.Debug|Any CPU.Build.0 = Debug|Any CPU
		{0C2756CE-D28D-4BFC-9F64-2CAD579A8EDC}.Release|Any CPU.ActiveCfg = Release|Any CPU
		{0C2756CE-D28D-4BFC-9F64-2CAD579A8EDC}.Release|Any CPU.Build.0 = Release|Any CPU
		{2A58A9AB-D82F-488F-B361-4C636C1EEC71}.Debug|Any CPU.ActiveCfg = Debug|Any CPU
		{2A58A9AB-D82F-488F-B361-4C636C1EEC71}.Debug|Any CPU.Build.0 = Debug|Any CPU
		{2A58A9AB-D82F-488F-B361-4C636C1EEC71}.Release|Any CPU.ActiveCfg = Release|Any CPU
		{2A58A9AB-D82F-488F-B361-4C636C1EEC71}.Release|Any CPU.Build.0 = Release|Any CPU
		{6D3A9233-D6B5-4667-822B-A9F43D8E9521}.Debug|Any CPU.ActiveCfg = Debug|Any CPU
		{6D3A9233-D6B5-4667-822B-A9F43D8E9521}.Debug|Any CPU.Build.0 = Debug|Any CPU
		{6D3A9233-D6B5-4667-822B-A9F43D8E9521}.Release|Any CPU.ActiveCfg = Release|Any CPU
		{6D3A9233-D6B5-4667-822B-A9F43D8E9521}.Release|Any CPU.Build.0 = Release|Any CPU
		{2E0829E4-0E4C-4DB8-9C33-D5FDDD7AB50E}.Debug|Any CPU.ActiveCfg = Debug|Any CPU
		{2E0829E4-0E4C-4DB8-9C33-D5FDDD7AB50E}.Debug|Any CPU.Build.0 = Debug|Any CPU
		{2E0829E4-0E4C-4DB8-9C33-D5FDDD7AB50E}.Release|Any CPU.ActiveCfg = Release|Any CPU
		{2E0829E4-0E4C-4DB8-9C33-D5FDDD7AB50E}.Release|Any CPU.Build.0 = Release|Any CPU
		{C9FD34B7-7CA5-46A9-981B-56CCF61B9BC8}.Debug|Any CPU.ActiveCfg = Debug|Any CPU
		{C9FD34B7-7CA5-46A9-981B-56CCF61B9BC8}.Debug|Any CPU.Build.0 = Debug|Any CPU
		{C9FD34B7-7CA5-46A9-981B-56CCF61B9BC8}.Release|Any CPU.ActiveCfg = Release|Any CPU
		{C9FD34B7-7CA5-46A9-981B-56CCF61B9BC8}.Release|Any CPU.Build.0 = Release|Any CPU
		{03EB8FF3-2878-4FF3-A78B-1CBE49D5FA6C}.Debug|Any CPU.ActiveCfg = Debug|Any CPU
		{03EB8FF3-2878-4FF3-A78B-1CBE49D5FA6C}.Debug|Any CPU.Build.0 = Debug|Any CPU
		{03EB8FF3-2878-4FF3-A78B-1CBE49D5FA6C}.Release|Any CPU.ActiveCfg = Release|Any CPU
		{03EB8FF3-2878-4FF3-A78B-1CBE49D5FA6C}.Release|Any CPU.Build.0 = Release|Any CPU
		{ACC79C67-3A5A-4615-8BAA-31A86963108B}.Debug|Any CPU.ActiveCfg = Debug|Any CPU
		{ACC79C67-3A5A-4615-8BAA-31A86963108B}.Debug|Any CPU.Build.0 = Debug|Any CPU
		{ACC79C67-3A5A-4615-8BAA-31A86963108B}.Release|Any CPU.ActiveCfg = Release|Any CPU
		{ACC79C67-3A5A-4615-8BAA-31A86963108B}.Release|Any CPU.Build.0 = Release|Any CPU
	EndGlobalSection
	GlobalSection(NestedProjects) = preSolution
		{6F00A501-B265-4162-B476-FCF8BE4BCF8B} = {30719ED0-79A2-4A70-B7F3-A278EF376F65}
		{0381CC29-47F5-4803-A465-2BC1AF0450DD} = {6F00A501-B265-4162-B476-FCF8BE4BCF8B}
		{047702B0-8664-47A1-BA81-FA8A814EDD11} = {30719ED0-79A2-4A70-B7F3-A278EF376F65}
		{0C2756CE-D28D-4BFC-9F64-2CAD579A8EDC} = {047702B0-8664-47A1-BA81-FA8A814EDD11}
		{2A58A9AB-D82F-488F-B361-4C636C1EEC71} = {047702B0-8664-47A1-BA81-FA8A814EDD11}
		{6D3A9233-D6B5-4667-822B-A9F43D8E9521} = {6F00A501-B265-4162-B476-FCF8BE4BCF8B}
		{82D6C8E1-CA06-4CA9-AF83-131C715CF93C} = {6BCB6032-F9CB-46E9-AB24-42CABE354169}
		{ADCABF3B-1BB4-4423-AB71-8AD39FCA80E1} = {6BCB6032-F9CB-46E9-AB24-42CABE354169}
		{2E0829E4-0E4C-4DB8-9C33-D5FDDD7AB50E} = {ADCABF3B-1BB4-4423-AB71-8AD39FCA80E1}
		{C9FD34B7-7CA5-46A9-981B-56CCF61B9BC8} = {82D6C8E1-CA06-4CA9-AF83-131C715CF93C}
		{03EB8FF3-2878-4FF3-A78B-1CBE49D5FA6C} = {ADCABF3B-1BB4-4423-AB71-8AD39FCA80E1}
		{ACC79C67-3A5A-4615-8BAA-31A86963108B} = {82D6C8E1-CA06-4CA9-AF83-131C715CF93C}
	EndGlobalSection
EndGlobal
